
Microsoft Visual Studio Solution File, Format Version 12.00
# Visual Studio 15
VisualStudioVersion = 15.0.27703.1
MinimumVisualStudioVersion = 10.0.40219.1
Project("{8BC9CEB8-8B4A-11D0-8D11-00A0C91BC942}") = "Industrial_C_plus_plus", "Industrial_C_plus_plus\Industrial_C_plus_plus.vcxproj", "{1009E26A-8CE1-4E07-AFB7-B46C83060654}"
EndProject
Global
	GlobalSection(SolutionConfigurationPlatforms) = preSolution
		Debug|x64 = Debug|x64
		Debug|x86 = Debug|x86
		Release|x64 = Release|x64
		Release|x86 = Release|x86
	EndGlobalSection
	GlobalSection(ProjectConfigurationPlatforms) = postSolution
		{1009E26A-8CE1-4E07-AFB7-B46C83060654}.Debug|x64.ActiveCfg = Debug|x64
		{1009E26A-8CE1-4E07-AFB7-B46C83060654}.Debug|x64.Build.0 = Debug|x64
		{1009E26A-8CE1-4E07-AFB7-B46C83060654}.Debug|x86.ActiveCfg = Debug|Win32
		{1009E26A-8CE1-4E07-AFB7-B46C83060654}.Debug|x86.Build.0 = Debug|Win32
		{1009E26A-8CE1-4E07-AFB7-B46C83060654}.Release|x64.ActiveCfg = Release|x64
		{1009E26A-8CE1-4E07-AFB7-B46C83060654}.Release|x64.Build.0 = Release|x64
		{1009E26A-8CE1-4E07-AFB7-B46C83060654}.Release|x86.ActiveCfg = Release|Win32
		{1009E26A-8CE1-4E07-AFB7-B46C83060654}.Release|x86.Build.0 = Release|Win32
	EndGlobalSection
	GlobalSection(SolutionProperties) = preSolution
		HideSolutionNode = FALSE
	EndGlobalSection
	GlobalSection(ExtensibilityGlobals) = postSolution
		SolutionGuid = {CA0E6000-8EB3-4DF4-A384-BD60B8B7ED26}
	EndGlobalSection
EndGlobal
